// !$*UTF8*$!
{
	archiveVersion = 1;
	classes = {
	};
	objectVersion = 46;
	objects = {

/* Begin PBXBuildFile section */
		D316C62D1C8E619E0090D7E8 /* Session.swift in Sources */ = {isa = PBXBuildFile; fileRef = D316C62C1C8E619E0090D7E8 /* Session.swift */; };
		D316C62F1C8E76DD0090D7E8 /* UserHomeViewController.swift in Sources */ = {isa = PBXBuildFile; fileRef = D316C62E1C8E76DD0090D7E8 /* UserHomeViewController.swift */; };
		D316C6331C8E7C4E0090D7E8 /* HomeNavController.swift in Sources */ = {isa = PBXBuildFile; fileRef = D316C6321C8E7C4E0090D7E8 /* HomeNavController.swift */; };
		D316C6351C8E7F570090D7E8 /* NearbyPickupsViewController.swift in Sources */ = {isa = PBXBuildFile; fileRef = D316C6341C8E7F570090D7E8 /* NearbyPickupsViewController.swift */; };
		D361663E1C8D179400ADD1C7 /* AppDelegate.swift in Sources */ = {isa = PBXBuildFile; fileRef = D361663D1C8D179400ADD1C7 /* AppDelegate.swift */; };
		D36166431C8D179400ADD1C7 /* Main.storyboard in Resources */ = {isa = PBXBuildFile; fileRef = D36166411C8D179400ADD1C7 /* Main.storyboard */; };
		D36166451C8D179400ADD1C7 /* Assets.xcassets in Resources */ = {isa = PBXBuildFile; fileRef = D36166441C8D179400ADD1C7 /* Assets.xcassets */; };
		D36166481C8D179400ADD1C7 /* LaunchScreen.storyboard in Resources */ = {isa = PBXBuildFile; fileRef = D36166461C8D179400ADD1C7 /* LaunchScreen.storyboard */; };
		D36166521C8D1EE700ADD1C7 /* HomeViewController.swift in Sources */ = {isa = PBXBuildFile; fileRef = D36166511C8D1EE700ADD1C7 /* HomeViewController.swift */; };
		D36166541C8D222D00ADD1C7 /* LoginFormViewController.swift in Sources */ = {isa = PBXBuildFile; fileRef = D36166531C8D222D00ADD1C7 /* LoginFormViewController.swift */; };
		D361666F1C8D354600ADD1C7 /* Alamofire.framework in Frameworks */ = {isa = PBXBuildFile; fileRef = D36166621C8D338500ADD1C7 /* Alamofire.framework */; };
		D36166701C8D354600ADD1C7 /* Alamofire.framework in Embed Frameworks */ = {isa = PBXBuildFile; fileRef = D36166621C8D338500ADD1C7 /* Alamofire.framework */; settings = {ATTRIBUTES = (CodeSignOnCopy, RemoveHeadersOnCopy, ); }; };
/* End PBXBuildFile section */

/* Begin PBXContainerItemProxy section */
		D36166611C8D338500ADD1C7 /* PBXContainerItemProxy */ = {
			isa = PBXContainerItemProxy;
			containerPortal = D36166571C8D338500ADD1C7 /* Alamofire.xcodeproj */;
			proxyType = 2;
			remoteGlobalIDString = F8111E3319A95C8B0040E7D1;
			remoteInfo = "Alamofire iOS";
		};
		D36166631C8D338500ADD1C7 /* PBXContainerItemProxy */ = {
			isa = PBXContainerItemProxy;
			containerPortal = D36166571C8D338500ADD1C7 /* Alamofire.xcodeproj */;
			proxyType = 2;
			remoteGlobalIDString = F8111E3E19A95C8B0040E7D1;
			remoteInfo = "Alamofire iOS Tests";
		};
		D36166651C8D338500ADD1C7 /* PBXContainerItemProxy */ = {
			isa = PBXContainerItemProxy;
			containerPortal = D36166571C8D338500ADD1C7 /* Alamofire.xcodeproj */;
			proxyType = 2;
			remoteGlobalIDString = 4DD67C0B1A5C55C900ED2280;
			remoteInfo = "Alamofire OSX";
		};
		D36166671C8D338500ADD1C7 /* PBXContainerItemProxy */ = {
			isa = PBXContainerItemProxy;
			containerPortal = D36166571C8D338500ADD1C7 /* Alamofire.xcodeproj */;
			proxyType = 2;
			remoteGlobalIDString = F829C6B21A7A94F100A2CD59;
			remoteInfo = "Alamofire OSX Tests";
		};
		D36166691C8D338500ADD1C7 /* PBXContainerItemProxy */ = {
			isa = PBXContainerItemProxy;
			containerPortal = D36166571C8D338500ADD1C7 /* Alamofire.xcodeproj */;
			proxyType = 2;
			remoteGlobalIDString = 4CF626EF1BA7CB3E0011A099;
			remoteInfo = "Alamofire tvOS";
		};
		D361666B1C8D338500ADD1C7 /* PBXContainerItemProxy */ = {
			isa = PBXContainerItemProxy;
			containerPortal = D36166571C8D338500ADD1C7 /* Alamofire.xcodeproj */;
			proxyType = 2;
			remoteGlobalIDString = 4CF626F81BA7CB3E0011A099;
			remoteInfo = "Alamofire tvOS Tests";
		};
		D361666D1C8D338500ADD1C7 /* PBXContainerItemProxy */ = {
			isa = PBXContainerItemProxy;
			containerPortal = D36166571C8D338500ADD1C7 /* Alamofire.xcodeproj */;
			proxyType = 2;
			remoteGlobalIDString = E4202FE01B667AA100C997FB;
			remoteInfo = "Alamofire watchOS";
		};
		D36166711C8D354600ADD1C7 /* PBXContainerItemProxy */ = {
			isa = PBXContainerItemProxy;
			containerPortal = D36166571C8D338500ADD1C7 /* Alamofire.xcodeproj */;
			proxyType = 1;
			remoteGlobalIDString = F8111E3219A95C8B0040E7D1;
			remoteInfo = "Alamofire iOS";
		};
/* End PBXContainerItemProxy section */

/* Begin PBXCopyFilesBuildPhase section */
		D36166731C8D354600ADD1C7 /* Embed Frameworks */ = {
			isa = PBXCopyFilesBuildPhase;
			buildActionMask = 2147483647;
			dstPath = "";
			dstSubfolderSpec = 10;
			files = (
				D36166701C8D354600ADD1C7 /* Alamofire.framework in Embed Frameworks */,
			);
			name = "Embed Frameworks";
			runOnlyForDeploymentPostprocessing = 0;
		};
/* End PBXCopyFilesBuildPhase section */

/* Begin PBXFileReference section */
		D316C62C1C8E619E0090D7E8 /* Session.swift */ = {isa = PBXFileReference; fileEncoding = 4; lastKnownFileType = sourcecode.swift; name = Session.swift; path = ../Session.swift; sourceTree = "<group>"; };
		D316C62E1C8E76DD0090D7E8 /* UserHomeViewController.swift */ = {isa = PBXFileReference; fileEncoding = 4; lastKnownFileType = sourcecode.swift; path = UserHomeViewController.swift; sourceTree = "<group>"; };
		D316C6321C8E7C4E0090D7E8 /* HomeNavController.swift */ = {isa = PBXFileReference; fileEncoding = 4; lastKnownFileType = sourcecode.swift; name = HomeNavController.swift; path = ../HomeNavController.swift; sourceTree = "<group>"; };
		D316C6341C8E7F570090D7E8 /* NearbyPickupsViewController.swift */ = {isa = PBXFileReference; fileEncoding = 4; lastKnownFileType = sourcecode.swift; path = NearbyPickupsViewController.swift; sourceTree = "<group>"; };
		D361663A1C8D179400ADD1C7 /* rcycl.app */ = {isa = PBXFileReference; explicitFileType = wrapper.application; includeInIndex = 0; path = rcycl.app; sourceTree = BUILT_PRODUCTS_DIR; };
		D361663D1C8D179400ADD1C7 /* AppDelegate.swift */ = {isa = PBXFileReference; lastKnownFileType = sourcecode.swift; path = AppDelegate.swift; sourceTree = "<group>"; };
		D36166421C8D179400ADD1C7 /* Base */ = {isa = PBXFileReference; lastKnownFileType = file.storyboard; name = Base; path = Base.lproj/Main.storyboard; sourceTree = "<group>"; };
		D36166441C8D179400ADD1C7 /* Assets.xcassets */ = {isa = PBXFileReference; lastKnownFileType = folder.assetcatalog; path = Assets.xcassets; sourceTree = "<group>"; };
		D36166471C8D179400ADD1C7 /* Base */ = {isa = PBXFileReference; lastKnownFileType = file.storyboard; name = Base; path = Base.lproj/LaunchScreen.storyboard; sourceTree = "<group>"; };
		D36166491C8D179400ADD1C7 /* Info.plist */ = {isa = PBXFileReference; lastKnownFileType = text.plist.xml; path = Info.plist; sourceTree = "<group>"; };
		D36166511C8D1EE700ADD1C7 /* HomeViewController.swift */ = {isa = PBXFileReference; fileEncoding = 4; lastKnownFileType = sourcecode.swift; name = HomeViewController.swift; path = ../HomeViewController.swift; sourceTree = "<group>"; };
		D36166531C8D222D00ADD1C7 /* LoginFormViewController.swift */ = {isa = PBXFileReference; fileEncoding = 4; lastKnownFileType = sourcecode.swift; path = LoginFormViewController.swift; sourceTree = "<group>"; };
		D36166571C8D338500ADD1C7 /* Alamofire.xcodeproj */ = {isa = PBXFileReference; lastKnownFileType = "wrapper.pb-project"; name = Alamofire.xcodeproj; path = Alamofire/Alamofire.xcodeproj; sourceTree = "<group>"; };
/* End PBXFileReference section */

/* Begin PBXFrameworksBuildPhase section */
		D36166371C8D179400ADD1C7 /* Frameworks */ = {
			isa = PBXFrameworksBuildPhase;
			buildActionMask = 2147483647;
			files = (
				D361666F1C8D354600ADD1C7 /* Alamofire.framework in Frameworks */,
			);
			runOnlyForDeploymentPostprocessing = 0;
		};
/* End PBXFrameworksBuildPhase section */

/* Begin PBXGroup section */
		D36166311C8D179400ADD1C7 = {
			isa = PBXGroup;
			children = (
				D36166571C8D338500ADD1C7 /* Alamofire.xcodeproj */,
				D361663C1C8D179400ADD1C7 /* rcycl */,
				D361663B1C8D179400ADD1C7 /* Products */,
			);
			sourceTree = "<group>";
		};
		D361663B1C8D179400ADD1C7 /* Products */ = {
			isa = PBXGroup;
			children = (
				D361663A1C8D179400ADD1C7 /* rcycl.app */,
			);
			name = Products;
			sourceTree = "<group>";
		};
		D361663C1C8D179400ADD1C7 /* rcycl */ = {
			isa = PBXGroup;
			children = (
				D36166491C8D179400ADD1C7 /* Info.plist */,
				D361663D1C8D179400ADD1C7 /* AppDelegate.swift */,
				D316C6321C8E7C4E0090D7E8 /* HomeNavController.swift */,
				D36166511C8D1EE700ADD1C7 /* HomeViewController.swift */,
				D36166531C8D222D00ADD1C7 /* LoginFormViewController.swift */,
				D316C62C1C8E619E0090D7E8 /* Session.swift */,
				D316C62E1C8E76DD0090D7E8 /* UserHomeViewController.swift */,
				D36166441C8D179400ADD1C7 /* Assets.xcassets */,
				D36166461C8D179400ADD1C7 /* LaunchScreen.storyboard */,
				D36166411C8D179400ADD1C7 /* Main.storyboard */,
				D316C6341C8E7F570090D7E8 /* NearbyPickupsViewController.swift */,
			);
			path = rcycl;
			sourceTree = "<group>";
		};
		D36166581C8D338500ADD1C7 /* Products */ = {
			isa = PBXGroup;
			children = (
				D36166621C8D338500ADD1C7 /* Alamofire.framework */,
				D36166641C8D338500ADD1C7 /* Alamofire iOS Tests.xctest */,
				D36166661C8D338500ADD1C7 /* Alamofire.framework */,
				D36166681C8D338500ADD1C7 /* Alamofire OSX Tests.xctest */,
				D361666A1C8D338500ADD1C7 /* Alamofire.framework */,
				D361666C1C8D338500ADD1C7 /* Alamofire tvOS Tests.xctest */,
				D361666E1C8D338500ADD1C7 /* Alamofire.framework */,
			);
			name = Products;
			sourceTree = "<group>";
		};
/* End PBXGroup section */

/* Begin PBXNativeTarget section */
		D36166391C8D179400ADD1C7 /* rcycl */ = {
			isa = PBXNativeTarget;
			buildConfigurationList = D361664C1C8D179400ADD1C7 /* Build configuration list for PBXNativeTarget "rcycl" */;
			buildPhases = (
				D36166361C8D179400ADD1C7 /* Sources */,
				D36166371C8D179400ADD1C7 /* Frameworks */,
				D36166381C8D179400ADD1C7 /* Resources */,
				D36166731C8D354600ADD1C7 /* Embed Frameworks */,
			);
			buildRules = (
			);
			dependencies = (
				D36166721C8D354600ADD1C7 /* PBXTargetDependency */,
			);
			name = rcycl;
			productName = rcycl;
			productReference = D361663A1C8D179400ADD1C7 /* rcycl.app */;
			productType = "com.apple.product-type.application";
		};
/* End PBXNativeTarget section */

/* Begin PBXProject section */
		D36166321C8D179400ADD1C7 /* Project object */ = {
			isa = PBXProject;
			attributes = {
				LastSwiftUpdateCheck = 0720;
				LastUpgradeCheck = 0720;
				ORGANIZATIONNAME = rcycl;
				TargetAttributes = {
					D36166391C8D179400ADD1C7 = {
						CreatedOnToolsVersion = 7.2.1;
						DevelopmentTeam = U955KMRXQ9;
					};
				};
			};
			buildConfigurationList = D36166351C8D179400ADD1C7 /* Build configuration list for PBXProject "rcycl" */;
			compatibilityVersion = "Xcode 3.2";
			developmentRegion = English;
			hasScannedForEncodings = 0;
			knownRegions = (
				en,
				Base,
			);
			mainGroup = D36166311C8D179400ADD1C7;
			productRefGroup = D361663B1C8D179400ADD1C7 /* Products */;
			projectDirPath = "";
			projectReferences = (
				{
					ProductGroup = D36166581C8D338500ADD1C7 /* Products */;
					ProjectRef = D36166571C8D338500ADD1C7 /* Alamofire.xcodeproj */;
				},
			);
			projectRoot = "";
			targets = (
				D36166391C8D179400ADD1C7 /* rcycl */,
			);
		};
/* End PBXProject section */

/* Begin PBXReferenceProxy section */
		D36166621C8D338500ADD1C7 /* Alamofire.framework */ = {
			isa = PBXReferenceProxy;
			fileType = wrapper.framework;
			path = Alamofire.framework;
			remoteRef = D36166611C8D338500ADD1C7 /* PBXContainerItemProxy */;
			sourceTree = BUILT_PRODUCTS_DIR;
		};
		D36166641C8D338500ADD1C7 /* Alamofire iOS Tests.xctest */ = {
			isa = PBXReferenceProxy;
			fileType = wrapper.cfbundle;
			path = "Alamofire iOS Tests.xctest";
			remoteRef = D36166631C8D338500ADD1C7 /* PBXContainerItemProxy */;
			sourceTree = BUILT_PRODUCTS_DIR;
		};
		D36166661C8D338500ADD1C7 /* Alamofire.framework */ = {
			isa = PBXReferenceProxy;
			fileType = wrapper.framework;
			path = Alamofire.framework;
			remoteRef = D36166651C8D338500ADD1C7 /* PBXContainerItemProxy */;
			sourceTree = BUILT_PRODUCTS_DIR;
		};
		D36166681C8D338500ADD1C7 /* Alamofire OSX Tests.xctest */ = {
			isa = PBXReferenceProxy;
			fileType = wrapper.cfbundle;
			path = "Alamofire OSX Tests.xctest";
			remoteRef = D36166671C8D338500ADD1C7 /* PBXContainerItemProxy */;
			sourceTree = BUILT_PRODUCTS_DIR;
		};
		D361666A1C8D338500ADD1C7 /* Alamofire.framework */ = {
			isa = PBXReferenceProxy;
			fileType = wrapper.framework;
			path = Alamofire.framework;
			remoteRef = D36166691C8D338500ADD1C7 /* PBXContainerItemProxy */;
			sourceTree = BUILT_PRODUCTS_DIR;
		};
		D361666C1C8D338500ADD1C7 /* Alamofire tvOS Tests.xctest */ = {
			isa = PBXReferenceProxy;
			fileType = wrapper.cfbundle;
			path = "Alamofire tvOS Tests.xctest";
			remoteRef = D361666B1C8D338500ADD1C7 /* PBXContainerItemProxy */;
			sourceTree = BUILT_PRODUCTS_DIR;
		};
		D361666E1C8D338500ADD1C7 /* Alamofire.framework */ = {
			isa = PBXReferenceProxy;
			fileType = wrapper.framework;
			path = Alamofire.framework;
			remoteRef = D361666D1C8D338500ADD1C7 /* PBXContainerItemProxy */;
			sourceTree = BUILT_PRODUCTS_DIR;
		};
/* End PBXReferenceProxy section */

/* Begin PBXResourcesBuildPhase section */
		D36166381C8D179400ADD1C7 /* Resources */ = {
			isa = PBXResourcesBuildPhase;
			buildActionMask = 2147483647;
			files = (
				D36166481C8D179400ADD1C7 /* LaunchScreen.storyboard in Resources */,
				D36166451C8D179400ADD1C7 /* Assets.xcassets in Resources */,
				D36166431C8D179400ADD1C7 /* Main.storyboard in Resources */,
			);
			runOnlyForDeploymentPostprocessing = 0;
		};
/* End PBXResourcesBuildPhase section */

/* Begin PBXSourcesBuildPhase section */
		D36166361C8D179400ADD1C7 /* Sources */ = {
			isa = PBXSourcesBuildPhase;
			buildActionMask = 2147483647;
			files = (
				D316C6331C8E7C4E0090D7E8 /* HomeNavController.swift in Sources */,
				D316C62D1C8E619E0090D7E8 /* Session.swift in Sources */,
				D36166541C8D222D00ADD1C7 /* LoginFormViewController.swift in Sources */,
				D361663E1C8D179400ADD1C7 /* AppDelegate.swift in Sources */,
				D316C62F1C8E76DD0090D7E8 /* UserHomeViewController.swift in Sources */,
				D316C6351C8E7F570090D7E8 /* NearbyPickupsViewController.swift in Sources */,
				D36166521C8D1EE700ADD1C7 /* HomeViewController.swift in Sources */,
			);
			runOnlyForDeploymentPostprocessing = 0;
		};
/* End PBXSourcesBuildPhase section */

/* Begin PBXTargetDependency section */
		D36166721C8D354600ADD1C7 /* PBXTargetDependency */ = {
			isa = PBXTargetDependency;
			name = "Alamofire iOS";
			targetProxy = D36166711C8D354600ADD1C7 /* PBXContainerItemProxy */;
		};
/* End PBXTargetDependency section */

/* Begin PBXVariantGroup section */
		D36166411C8D179400ADD1C7 /* Main.storyboard */ = {
			isa = PBXVariantGroup;
			children = (
				D36166421C8D179400ADD1C7 /* Base */,
			);
			name = Main.storyboard;
			sourceTree = "<group>";
		};
		D36166461C8D179400ADD1C7 /* LaunchScreen.storyboard */ = {
			isa = PBXVariantGroup;
			children = (
				D36166471C8D179400ADD1C7 /* Base */,
			);
			name = LaunchScreen.storyboard;
			sourceTree = "<group>";
		};
/* End PBXVariantGroup section */

/* Begin XCBuildConfiguration section */
		D361664A1C8D179400ADD1C7 /* Debug */ = {
			isa = XCBuildConfiguration;
			buildSettings = {
				ALWAYS_SEARCH_USER_PATHS = NO;
				CLANG_CXX_LANGUAGE_STANDARD = "gnu++0x";
				CLANG_CXX_LIBRARY = "libc++";
				CLANG_ENABLE_MODULES = YES;
				CLANG_ENABLE_OBJC_ARC = YES;
				CLANG_WARN_BOOL_CONVERSION = YES;
				CLANG_WARN_CONSTANT_CONVERSION = YES;
				CLANG_WARN_DIRECT_OBJC_ISA_USAGE = YES_ERROR;
				CLANG_WARN_EMPTY_BODY = YES;
				CLANG_WARN_ENUM_CONVERSION = YES;
				CLANG_WARN_INT_CONVERSION = YES;
				CLANG_WARN_OBJC_ROOT_CLASS = YES_ERROR;
				CLANG_WARN_UNREACHABLE_CODE = YES;
				CLANG_WARN__DUPLICATE_METHOD_MATCH = YES;
				"CODE_SIGN_IDENTITY[sdk=iphoneos*]" = "iPhone Developer";
				COPY_PHASE_STRIP = NO;
				DEBUG_INFORMATION_FORMAT = dwarf;
				ENABLE_STRICT_OBJC_MSGSEND = YES;
				ENABLE_TESTABILITY = YES;
				GCC_C_LANGUAGE_STANDARD = gnu99;
				GCC_DYNAMIC_NO_PIC = NO;
				GCC_NO_COMMON_BLOCKS = YES;
				GCC_OPTIMIZATION_LEVEL = 0;
				GCC_PREPROCESSOR_DEFINITIONS = (
					"DEBUG=1",
					"$(inherited)",
				);
				GCC_WARN_64_TO_32_BIT_CONVERSION = YES;
				GCC_WARN_ABOUT_RETURN_TYPE = YES_ERROR;
				GCC_WARN_UNDECLARED_SELECTOR = YES;
				GCC_WARN_UNINITIALIZED_AUTOS = YES_AGGRESSIVE;
				GCC_WARN_UNUSED_FUNCTION = YES;
				GCC_WARN_UNUSED_VARIABLE = YES;
				IPHONEOS_DEPLOYMENT_TARGET = 9.2;
				MTL_ENABLE_DEBUG_INFO = YES;
				ONLY_ACTIVE_ARCH = YES;
				SDKROOT = iphoneos;
				SWIFT_OPTIMIZATION_LEVEL = "-Onone";
			};
			name = Debug;
		};
		D361664B1C8D179400ADD1C7 /* Release */ = {
			isa = XCBuildConfiguration;
			buildSettings = {
				ALWAYS_SEARCH_USER_PATHS = NO;
				CLANG_CXX_LANGUAGE_STANDARD = "gnu++0x";
				CLANG_CXX_LIBRARY = "libc++";
				CLANG_ENABLE_MODULES = YES;
				CLANG_ENABLE_OBJC_ARC = YES;
				CLANG_WARN_BOOL_CONVERSION = YES;
				CLANG_WARN_CONSTANT_CONVERSION = YES;
				CLANG_WARN_DIRECT_OBJC_ISA_USAGE = YES_ERROR;
				CLANG_WARN_EMPTY_BODY = YES;
				CLANG_WARN_ENUM_CONVERSION = YES;
				CLANG_WARN_INT_CONVERSION = YES;
				CLANG_WARN_OBJC_ROOT_CLASS = YES_ERROR;
				CLANG_WARN_UNREACHABLE_CODE = YES;
				CLANG_WARN__DUPLICATE_METHOD_MATCH = YES;
				"CODE_SIGN_IDENTITY[sdk=iphoneos*]" = "iPhone Developer";
				COPY_PHASE_STRIP = NO;
				DEBUG_INFORMATION_FORMAT = "dwarf-with-dsym";
				ENABLE_NS_ASSERTIONS = NO;
				ENABLE_STRICT_OBJC_MSGSEND = YES;
				GCC_C_LANGUAGE_STANDARD = gnu99;
				GCC_NO_COMMON_BLOCKS = YES;
				GCC_WARN_64_TO_32_BIT_CONVERSION = YES;
				GCC_WARN_ABOUT_RETURN_TYPE = YES_ERROR;
				GCC_WARN_UNDECLARED_SELECTOR = YES;
				GCC_WARN_UNINITIALIZED_AUTOS = YES_AGGRESSIVE;
				GCC_WARN_UNUSED_FUNCTION = YES;
				GCC_WARN_UNUSED_VARIABLE = YES;
				IPHONEOS_DEPLOYMENT_TARGET = 9.2;
				MTL_ENABLE_DEBUG_INFO = NO;
				SDKROOT = iphoneos;
				VALIDATE_PRODUCT = YES;
			};
			name = Release;
		};
		D361664D1C8D179400ADD1C7 /* Debug */ = {
			isa = XCBuildConfiguration;
			buildSettings = {
				ASSETCATALOG_COMPILER_APPICON_NAME = AppIcon;
				CODE_SIGN_IDENTITY = "iPhone Developer";
				"CODE_SIGN_IDENTITY[sdk=iphoneos*]" = "iPhone Developer";
				EMBEDDED_CONTENT_CONTAINS_SWIFT = YES;
				FRAMEWORK_SEARCH_PATHS = (
					"$(inherited)",
					"$(PROJECT_DIR)/Carthage/Build/iOS",
				);
				INFOPLIST_FILE = rcycl/Info.plist;
				LD_RUNPATH_SEARCH_PATHS = "$(inherited) @executable_path/Frameworks";
				PRODUCT_BUNDLE_IDENTIFIER = com.rcycl.rcycl;
				PRODUCT_NAME = "$(TARGET_NAME)";
				PROVISIONING_PROFILE = "";
			};
			name = Debug;
		};
		D361664E1C8D179400ADD1C7 /* Release */ = {
			isa = XCBuildConfiguration;
			buildSettings = {
				ASSETCATALOG_COMPILER_APPICON_NAME = AppIcon;
				CODE_SIGN_IDENTITY = "iPhone Developer";
				"CODE_SIGN_IDENTITY[sdk=iphoneos*]" = "iPhone Developer";
				EMBEDDED_CONTENT_CONTAINS_SWIFT = YES;
				FRAMEWORK_SEARCH_PATHS = (
					"$(inherited)",
					"$(PROJECT_DIR)/Carthage/Build/iOS",
				);
				INFOPLIST_FILE = rcycl/Info.plist;
				LD_RUNPATH_SEARCH_PATHS = "$(inherited) @executable_path/Frameworks";
				PRODUCT_BUNDLE_IDENTIFIER = com.rcycl.rcycl;
				PRODUCT_NAME = "$(TARGET_NAME)";
				PROVISIONING_PROFILE = "";
			};
			name = Release;
		};
/* End XCBuildConfiguration section */

/* Begin XCConfigurationList section */
		D36166351C8D179400ADD1C7 /* Build configuration list for PBXProject "rcycl" */ = {
			isa = XCConfigurationList;
			buildConfigurations = (
				D361664A1C8D179400ADD1C7 /* Debug */,
				D361664B1C8D179400ADD1C7 /* Release */,
			);
			defaultConfigurationIsVisible = 0;
			defaultConfigurationName = Release;
		};
		D361664C1C8D179400ADD1C7 /* Build configuration list for PBXNativeTarget "rcycl" */ = {
			isa = XCConfigurationList;
			buildConfigurations = (
				D361664D1C8D179400ADD1C7 /* Debug */,
				D361664E1C8D179400ADD1C7 /* Release */,
			);
			defaultConfigurationIsVisible = 0;
			defaultConfigurationName = Release;
		};
/* End XCConfigurationList section */
	};
	rootObject = D36166321C8D179400ADD1C7 /* Project object */;
}
